<?xml version="1.0" encoding="utf-8"?>
<Project ToolsVersion="14.0" xmlns="http://schemas.microsoft.com/developer/msbuild/2003">
  <ItemGroup>
    <Filter Include="Package Dependencies">
      <UniqueIdentifier>0a84b831-cf29-4294-b354-39899379f43d</UniqueIdentifier>
      <Extensions>pfx;appxmanifest;config</Extensions>
    </Filter>
    <Filter Include="Package Dependencies\Assets">
      <UniqueIdentifier>78a57b40-96a9-4edc-85e7-be067850546b</UniqueIdentifier>
      <Extensions>png</Extensions>
    </Filter>
    <Filter Include="Package Dependencies\Include">
      <UniqueIdentifier>87c0a933-b7f9-42ab-9708-b5bde11e5cb7</UniqueIdentifier>
    </Filter>
  </ItemGroup>
  <ItemGroup>
    <ClCompile Include="StartupTask.cpp">
      <Filter>Package Dependencies</Filter>
    </ClCompile>
    <ClCompile Include="EPDWiringTest2.ino" />
    <ClCompile Include="EPD_V230_G2.cpp" />
    <ClCompile Include="EPD_FLASH.cpp" />
    <ClCompile Include="S5813A.cpp" />
    <ClCompile Include="@(ArduinoSDKSources)" />
    <ClCompile Include="@(ArduinoSDKSources)" />
    <ClCompile Include="@(ArduinoSDKSources)" />
    <ClCompile Include="@(ArduinoSDKSources)" />
    <ClCompile Include="@(ArduinoSDKSources)" />
    <ClCompile Include="@(ArduinoSDKSources)" />
    <ClCompile Include="@(LightningSources)" />
    <ClCompile Include="@(LightningSources)" />
    <ClCompile Include="@(LightningSources)" />
    <ClCompile Include="@(LightningSources)" />
    <ClCompile Include="@(LightningSources)" />
    <ClCompile Include="@(LightningSources)" />
    <ClCompile Include="@(LightningSources)" />
    <ClCompile Include="@(LightningSources)" />
    <ClCompile Include="@(LightningSources)" />
    <ClCompile Include="@(LightningSources)" />
    <ClCompile Include="@(LightningSources)" />
    <ClCompile Include="@(LightningSources)" />
    <ClCompile Include="@(LightningSources)" />
    <ClCompile Include="@(LightningSources)" />
    <ClCompile Include="@(LightningSources)" />
    <ClCompile Include="@(LightningSources)" />
    <ClCompile Include="@(LightningSources)" />
    <ClCompile Include="@(LightningSources)" />
    <ClCompile Include="@(LightningSources)" />
    <ClCompile Include="@(LightningSources)" />
    <ClCompile Include="@(LightningSources)" />
    <ClCompile Include="@(ArduinoSDKSources)" />
    <ClCompile Include="@(ArduinoSDKSources)" />
    <ClCompile Include="@(ArduinoSDKSources)" />
    <ClCompile Include="@(ArduinoSDKSources)" />
    <ClCompile Include="@(ArduinoSDKSources)" />
    <ClCompile Include="@(ArduinoSDKSources)" />
    <ClCompile Include="@(LightningSources)" />
    <ClCompile Include="@(LightningSources)" />
    <ClCompile Include="@(LightningSources)" />
    <ClCompile Include="@(LightningSources)" />
    <ClCompile Include="@(LightningSources)" />
    <ClCompile Include="@(LightningSources)" />
    <ClCompile Include="@(LightningSources)" />
    <ClCompile Include="@(LightningSources)" />
    <ClCompile Include="@(LightningSources)" />
    <ClCompile Include="@(LightningSources)" />
    <ClCompile Include="@(LightningSources)" />
    <ClCompile Include="@(LightningSources)" />
    <ClCompile Include="@(LightningSources)" />
    <ClCompile Include="@(LightningSources)" />
    <ClCompile Include="@(LightningSources)" />
    <ClCompile Include="@(LightningSources)" />
    <ClCompile Include="@(LightningSources)" />
    <ClCompile Include="@(LightningSources)" />
    <ClCompile Include="@(LightningSources)" />
    <ClCompile Include="@(LightningSources)" />
    <ClCompile Include="@(LightningSources)" />
    <ClCompile Include="@(LightningSources)" />
  </ItemGroup>
  <ItemGroup>
    <ClInclude Include="pch.h">
      <Filter>Package Dependencies\Include</Filter>
    </ClInclude>
    <ClInclude Include="PinNumbers.h">
      <Filter>Package Dependencies\Include</Filter>
    </ClInclude>
    <ClInclude Include="EPD_V230_G2.h" />
    <ClInclude Include="EPD_FLASH.h" />
    <ClInclude Include="EPD_PANELS.h" />
    <ClInclude Include="S5813A.h" />
    <ClInclude Include="EPD_PINOUT.h" />
    <ClInclude Include="EPD_PINOUT_Arduino.h" />
    <ClInclude Include="Images.h" />
  </ItemGroup>
  <ItemGroup>
    <Image Include="Assets\LockScreenLogo.scale-200.png">
      <Filter>Package Dependencies\Assets</Filter>
    </Image>
    <Image Include="Assets\SplashScreen.scale-200.png">
      <Filter>Package Dependencies\Assets</Filter>
    </Image>
    <Image Include="Assets\Square150x150Logo.scale-200.png">
      <Filter>Package Dependencies\Assets</Filter>
    </Image>
    <Image Include="Assets\Square44x44Logo.scale-200.png">
      <Filter>Package Dependencies\Assets</Filter>
    </Image>
    <Image Include="Assets\Square44x44Logo.targetsize-24_altform-unplated.png">
      <Filter>Package Dependencies\Assets</Filter>
    </Image>
    <Image Include="Assets\StoreLogo.png">
      <Filter>Package Dependencies\Assets</Filter>
    </Image>
    <Image Include="Assets\Wide310x150Logo.scale-200.png">
      <Filter>Package Dependencies\Assets</Filter>
    </Image>
  </ItemGroup>
  <ItemGroup>
    <AppxManifest Include="Package.appxmanifest">
      <Filter>Package Dependencies</Filter>
    </AppxManifest>
  </ItemGroup>
  <ItemGroup>
    <None Include="EPDWiringTest2_TemporaryKey.pfx">
      <Filter>Package Dependencies</Filter>
    </None>
    <None Include="cat_2_7.xbm" />
    <None Include="text_image_2_7.xbm" />
    <None Include="packages.config">
      <Filter>Package Dependencies</Filter>
    </None>
  </ItemGroup>
</Project>